
Microsoft Visual Studio Solution File, Format Version 12.00
# Visual Studio Version 17
VisualStudioVersion = 17.5.002.0
MinimumVisualStudioVersion = 10.0.40219.1
Project("{9A19103F-16F7-4668-BE54-9A1E7A4F7556}") = "Task3", "Task3.csproj", "{073A267E-3859-4C23-9C17-AF24A08D2334}"
EndProject
Global
	GlobalSection(SolutionConfigurationPlatforms) = preSolution
		Debug|Any CPU = Debug|Any CPU
		Release|Any CPU = Release|Any CPU
	EndGlobalSection
	GlobalSection(ProjectConfigurationPlatforms) = postSolution
		{073A267E-3859-4C23-9C17-AF24A08D2334}.Debug|Any CPU.ActiveCfg = Debug|Any CPU
		{073A267E-3859-4C23-9C17-AF24A08D2334}.Debug|Any CPU.Build.0 = Debug|Any CPU
		{073A267E-3859-4C23-9C17-AF24A08D2334}.Release|Any CPU.ActiveCfg = Release|Any CPU
		{073A267E-3859-4C23-9C17-AF24A08D2334}.Release|Any CPU.Build.0 = Release|Any CPU
	EndGlobalSection
	GlobalSection(SolutionProperties) = preSolution
		HideSolutionNode = FALSE
	EndGlobalSection
	GlobalSection(ExtensibilityGlobals) = postSolution
		SolutionGuid = {AFD61FD1-9523-47E0-8323-9AA4E40F8E4E}
	EndGlobalSection
EndGlobal
